
Microsoft Visual Studio Solution File, Format Version 12.00
# Visual Studio Version 16
VisualStudioVersion = 16.0.32106.194
MinimumVisualStudioVersion = 10.0.40219.1
Project("{9A19103F-16F7-4668-BE54-9A1E7A4F7556}") = "ThumbnailCreator", "ThumbnailCreator.csproj", "{A58D6359-CB6B-4BB0-AB5D-6AC74468C39D}"
EndProject
Global
	GlobalSection(SolutionConfigurationPlatforms) = preSolution
		Debug|Any CPU = Debug|Any CPU
		Release|Any CPU = Release|Any CPU
	EndGlobalSection
	GlobalSection(ProjectConfigurationPlatforms) = postSolution
		{A58D6359-CB6B-4BB0-AB5D-6AC74468C39D}.Debug|Any CPU.ActiveCfg = Debug|Any CPU
		{A58D6359-CB6B-4BB0-AB5D-6AC74468C39D}.Debug|Any CPU.Build.0 = Debug|Any CPU
		{A58D6359-CB6B-4BB0-AB5D-6AC74468C39D}.Release|Any CPU.ActiveCfg = Release|Any CPU
		{A58D6359-CB6B-4BB0-AB5D-6AC74468C39D}.Release|Any CPU.Build.0 = Release|Any CPU
	EndGlobalSection
	GlobalSection(SolutionProperties) = preSolution
		HideSolutionNode = FALSE
	EndGlobalSection
	GlobalSection(ExtensibilityGlobals) = postSolution
		SolutionGuid = {631DF152-8A31-433F-8A53-14E01DC4AEC2}
	EndGlobalSection
EndGlobal
